
Microsoft Visual Studio Solution File, Format Version 12.00
# Visual Studio 15
Project("{FAE04EC0-301F-11D3-BF4B-00C04F79EFBC}") = "Assembly-CSharp", "Assembly-CSharp.csproj", "{EADB39C4-2A21-026D-6A5D-BBE51359C247}"
EndProject
Project("{FAE04EC0-301F-11D3-BF4B-00C04F79EFBC}") = "TrainAI.Presentation", "TrainAI.Presentation.csproj", "{AC6A42F8-D9A4-4B6C-5360-9705DD21B44D}"
EndProject
Project("{FAE04EC0-301F-11D3-BF4B-00C04F79EFBC}") = "TrainAI.Sentis", "TrainAI.Sentis.csproj", "{ED2F758B-865B-F07D-2E2A-02D458C26ECB}"
EndProject
Project("{FAE04EC0-301F-11D3-BF4B-00C04F79EFBC}") = "TrainAI.Editor", "TrainAI.Editor.csproj", "{9D048122-18F8-E5D2-7742-FB105334FBB1}"
EndProject
Project("{FAE04EC0-301F-11D3-BF4B-00C04F79EFBC}") = "TrainAI.EditMode.Tests", "TrainAI.EditMode.Tests.csproj", "{E1EF6268-56E8-2F1B-B6ED-BC2F35EFE13F}"
EndProject
Project("{FAE04EC0-301F-11D3-BF4B-00C04F79EFBC}") = "TrainAI.SO.Concrete", "TrainAI.SO.Concrete.csproj", "{A6D3B3FE-92DE-B186-1C0C-3EA6E4825407}"
EndProject
Project("{FAE04EC0-301F-11D3-BF4B-00C04F79EFBC}") = "TrainAI.UI", "TrainAI.UI.csproj", "{E9B7F3B1-1D99-F3CB-640D-E8BB6DDD12A9}"
EndProject
Project("{FAE04EC0-301F-11D3-BF4B-00C04F79EFBC}") = "TrainAI.SO.Base", "TrainAI.SO.Base.csproj", "{D2E5C3A9-9538-A49A-328D-0F1FC53CBDB0}"
EndProject
Project("{FAE04EC0-301F-11D3-BF4B-00C04F79EFBC}") = "AdvancedPeopleSystem2", "AdvancedPeopleSystem2.csproj", "{F3E57816-ED29-41FD-B073-C6423A5C492E}"
EndProject
Project("{FAE04EC0-301F-11D3-BF4B-00C04F79EFBC}") = "TrainAI.Core", "TrainAI.Core.csproj", "{767804B7-0AF5-EECE-EFE1-0A8D1BA449A3}"
EndProject
Project("{FAE04EC0-301F-11D3-BF4B-00C04F79EFBC}") = "Assembly-CSharp-firstpass", "Assembly-CSharp-firstpass.csproj", "{7B01532E-0BAE-2AEB-8984-158F781393BF}"
EndProject
Project("{FAE04EC0-301F-11D3-BF4B-00C04F79EFBC}") = "NinjaUI.Runtime", "NinjaUI.Runtime.csproj", "{57128C82-A0B9-61F3-D615-A235DAD605E6}"
EndProject
Project("{FAE04EC0-301F-11D3-BF4B-00C04F79EFBC}") = "JoystickPack", "JoystickPack.csproj", "{755C28D6-7A6C-0C97-5578-05C2FFFEA167}"
EndProject
Project("{FAE04EC0-301F-11D3-BF4B-00C04F79EFBC}") = "Assembly-CSharp-Editor", "Assembly-CSharp-Editor.csproj", "{DE3B5B55-D20A-BCF7-DC8E-96008DAAFCB0}"
EndProject
Project("{FAE04EC0-301F-11D3-BF4B-00C04F79EFBC}") = "TrainAI.Services", "TrainAI.Services.csproj", "{F60BE11F-E9AD-07F5-7E73-1FD6611C309E}"
EndProject
Project("{FAE04EC0-301F-11D3-BF4B-00C04F79EFBC}") = "AdvancedPeopleSystem2.Editor", "AdvancedPeopleSystem2.Editor.csproj", "{54EC5886-9AEF-2C05-0F3A-0626CC2CC3C5}"
EndProject
Global
	GlobalSection(SolutionConfigurationPlatforms) = preSolution
		Debug|Any CPU = Debug|Any CPU
		Release|Any CPU = Release|Any CPU
	EndGlobalSection
	GlobalSection(ProjectConfigurationPlatforms) = postSolution
		{EADB39C4-2A21-026D-6A5D-BBE51359C247}.Debug|Any CPU.ActiveCfg = Debug|Any CPU
		{EADB39C4-2A21-026D-6A5D-BBE51359C247}.Debug|Any CPU.Build.0 = Debug|Any CPU
		{EADB39C4-2A21-026D-6A5D-BBE51359C247}.Release|Any CPU.ActiveCfg = Release|Any CPU
		{EADB39C4-2A21-026D-6A5D-BBE51359C247}.Release|Any CPU.Build.0 = Release|Any CPU
		{AC6A42F8-D9A4-4B6C-5360-9705DD21B44D}.Debug|Any CPU.ActiveCfg = Debug|Any CPU
		{AC6A42F8-D9A4-4B6C-5360-9705DD21B44D}.Debug|Any CPU.Build.0 = Debug|Any CPU
		{AC6A42F8-D9A4-4B6C-5360-9705DD21B44D}.Release|Any CPU.ActiveCfg = Release|Any CPU
		{AC6A42F8-D9A4-4B6C-5360-9705DD21B44D}.Release|Any CPU.Build.0 = Release|Any CPU
		{ED2F758B-865B-F07D-2E2A-02D458C26ECB}.Debug|Any CPU.ActiveCfg = Debug|Any CPU
		{ED2F758B-865B-F07D-2E2A-02D458C26ECB}.Debug|Any CPU.Build.0 = Debug|Any CPU
		{ED2F758B-865B-F07D-2E2A-02D458C26ECB}.Release|Any CPU.ActiveCfg = Release|Any CPU
		{ED2F758B-865B-F07D-2E2A-02D458C26ECB}.Release|Any CPU.Build.0 = Release|Any CPU
		{9D048122-18F8-E5D2-7742-FB105334FBB1}.Debug|Any CPU.ActiveCfg = Debug|Any CPU
		{9D048122-18F8-E5D2-7742-FB105334FBB1}.Debug|Any CPU.Build.0 = Debug|Any CPU
		{9D048122-18F8-E5D2-7742-FB105334FBB1}.Release|Any CPU.ActiveCfg = Release|Any CPU
		{9D048122-18F8-E5D2-7742-FB105334FBB1}.Release|Any CPU.Build.0 = Release|Any CPU
		{E1EF6268-56E8-2F1B-B6ED-BC2F35EFE13F}.Debug|Any CPU.ActiveCfg = Debug|Any CPU
		{E1EF6268-56E8-2F1B-B6ED-BC2F35EFE13F}.Debug|Any CPU.Build.0 = Debug|Any CPU
		{E1EF6268-56E8-2F1B-B6ED-BC2F35EFE13F}.Release|Any CPU.ActiveCfg = Release|Any CPU
		{E1EF6268-56E8-2F1B-B6ED-BC2F35EFE13F}.Release|Any CPU.Build.0 = Release|Any CPU
		{A6D3B3FE-92DE-B186-1C0C-3EA6E4825407}.Debug|Any CPU.ActiveCfg = Debug|Any CPU
		{A6D3B3FE-92DE-B186-1C0C-3EA6E4825407}.Debug|Any CPU.Build.0 = Debug|Any CPU
		{A6D3B3FE-92DE-B186-1C0C-3EA6E4825407}.Release|Any CPU.ActiveCfg = Release|Any CPU
		{A6D3B3FE-92DE-B186-1C0C-3EA6E4825407}.Release|Any CPU.Build.0 = Release|Any CPU
		{E9B7F3B1-1D99-F3CB-640D-E8BB6DDD12A9}.Debug|Any CPU.ActiveCfg = Debug|Any CPU
		{E9B7F3B1-1D99-F3CB-640D-E8BB6DDD12A9}.Debug|Any CPU.Build.0 = Debug|Any CPU
		{E9B7F3B1-1D99-F3CB-640D-E8BB6DDD12A9}.Release|Any CPU.ActiveCfg = Release|Any CPU
		{E9B7F3B1-1D99-F3CB-640D-E8BB6DDD12A9}.Release|Any CPU.Build.0 = Release|Any CPU
		{D2E5C3A9-9538-A49A-328D-0F1FC53CBDB0}.Debug|Any CPU.ActiveCfg = Debug|Any CPU
		{D2E5C3A9-9538-A49A-328D-0F1FC53CBDB0}.Debug|Any CPU.Build.0 = Debug|Any CPU
		{D2E5C3A9-9538-A49A-328D-0F1FC53CBDB0}.Release|Any CPU.ActiveCfg = Release|Any CPU
		{D2E5C3A9-9538-A49A-328D-0F1FC53CBDB0}.Release|Any CPU.Build.0 = Release|Any CPU
		{F3E57816-ED29-41FD-B073-C6423A5C492E}.Debug|Any CPU.ActiveCfg = Debug|Any CPU
		{F3E57816-ED29-41FD-B073-C6423A5C492E}.Debug|Any CPU.Build.0 = Debug|Any CPU
		{F3E57816-ED29-41FD-B073-C6423A5C492E}.Release|Any CPU.ActiveCfg = Release|Any CPU
		{F3E57816-ED29-41FD-B073-C6423A5C492E}.Release|Any CPU.Build.0 = Release|Any CPU
		{767804B7-0AF5-EECE-EFE1-0A8D1BA449A3}.Debug|Any CPU.ActiveCfg = Debug|Any CPU
		{767804B7-0AF5-EECE-EFE1-0A8D1BA449A3}.Debug|Any CPU.Build.0 = Debug|Any CPU
		{767804B7-0AF5-EECE-EFE1-0A8D1BA449A3}.Release|Any CPU.ActiveCfg = Release|Any CPU
		{767804B7-0AF5-EECE-EFE1-0A8D1BA449A3}.Release|Any CPU.Build.0 = Release|Any CPU
		{7B01532E-0BAE-2AEB-8984-158F781393BF}.Debug|Any CPU.ActiveCfg = Debug|Any CPU
		{7B01532E-0BAE-2AEB-8984-158F781393BF}.Debug|Any CPU.Build.0 = Debug|Any CPU
		{7B01532E-0BAE-2AEB-8984-158F781393BF}.Release|Any CPU.ActiveCfg = Release|Any CPU
		{7B01532E-0BAE-2AEB-8984-158F781393BF}.Release|Any CPU.Build.0 = Release|Any CPU
		{57128C82-A0B9-61F3-D615-A235DAD605E6}.Debug|Any CPU.ActiveCfg = Debug|Any CPU
		{57128C82-A0B9-61F3-D615-A235DAD605E6}.Debug|Any CPU.Build.0 = Debug|Any CPU
		{57128C82-A0B9-61F3-D615-A235DAD605E6}.Release|Any CPU.ActiveCfg = Release|Any CPU
		{57128C82-A0B9-61F3-D615-A235DAD605E6}.Release|Any CPU.Build.0 = Release|Any CPU
		{755C28D6-7A6C-0C97-5578-05C2FFFEA167}.Debug|Any CPU.ActiveCfg = Debug|Any CPU
		{755C28D6-7A6C-0C97-5578-05C2FFFEA167}.Debug|Any CPU.Build.0 = Debug|Any CPU
		{755C28D6-7A6C-0C97-5578-05C2FFFEA167}.Release|Any CPU.ActiveCfg = Release|Any CPU
		{755C28D6-7A6C-0C97-5578-05C2FFFEA167}.Release|Any CPU.Build.0 = Release|Any CPU
		{DE3B5B55-D20A-BCF7-DC8E-96008DAAFCB0}.Debug|Any CPU.ActiveCfg = Debug|Any CPU
		{DE3B5B55-D20A-BCF7-DC8E-96008DAAFCB0}.Debug|Any CPU.Build.0 = Debug|Any CPU
		{DE3B5B55-D20A-BCF7-DC8E-96008DAAFCB0}.Release|Any CPU.ActiveCfg = Release|Any CPU
		{DE3B5B55-D20A-BCF7-DC8E-96008DAAFCB0}.Release|Any CPU.Build.0 = Release|Any CPU
		{F60BE11F-E9AD-07F5-7E73-1FD6611C309E}.Debug|Any CPU.ActiveCfg = Debug|Any CPU
		{F60BE11F-E9AD-07F5-7E73-1FD6611C309E}.Debug|Any CPU.Build.0 = Debug|Any CPU
		{F60BE11F-E9AD-07F5-7E73-1FD6611C309E}.Release|Any CPU.ActiveCfg = Release|Any CPU
		{F60BE11F-E9AD-07F5-7E73-1FD6611C309E}.Release|Any CPU.Build.0 = Release|Any CPU
		{54EC5886-9AEF-2C05-0F3A-0626CC2CC3C5}.Debug|Any CPU.ActiveCfg = Debug|Any CPU
		{54EC5886-9AEF-2C05-0F3A-0626CC2CC3C5}.Debug|Any CPU.Build.0 = Debug|Any CPU
		{54EC5886-9AEF-2C05-0F3A-0626CC2CC3C5}.Release|Any CPU.ActiveCfg = Release|Any CPU
		{54EC5886-9AEF-2C05-0F3A-0626CC2CC3C5}.Release|Any CPU.Build.0 = Release|Any CPU
	EndGlobalSection
	GlobalSection(SolutionProperties) = preSolution
		HideSolutionNode = FALSE
	EndGlobalSection
EndGlobal
